// !$*UTF8*$!
{
	archiveVersion = 1;
	classes = {
	};
	objectVersion = 46;
	objects = {

/* Begin PBXBuildFile section */
		A61A9B5C1E7AA09C00E4661A /* AppDelegate.swift in Sources */ = {isa = PBXBuildFile; fileRef = A61A9B5B1E7AA09C00E4661A /* AppDelegate.swift */; };
		A61A9B5F1E7AA09C00E4661A /* MDDataModel.xcdatamodeld in Sources */ = {isa = PBXBuildFile; fileRef = A61A9B5D1E7AA09C00E4661A /* MDDataModel.xcdatamodeld */; };
		A61A9B611E7AA09C00E4661A /* MasterViewController.swift in Sources */ = {isa = PBXBuildFile; fileRef = A61A9B601E7AA09C00E4661A /* MasterViewController.swift */; };
		A61A9B631E7AA09C00E4661A /* DetailViewController.swift in Sources */ = {isa = PBXBuildFile; fileRef = A61A9B621E7AA09C00E4661A /* DetailViewController.swift */; };
		A61A9B661E7AA09C00E4661A /* Main.storyboard in Resources */ = {isa = PBXBuildFile; fileRef = A61A9B641E7AA09C00E4661A /* Main.storyboard */; };
		A61A9B681E7AA09C00E4661A /* Assets.xcassets in Resources */ = {isa = PBXBuildFile; fileRef = A61A9B671E7AA09C00E4661A /* Assets.xcassets */; };
		A61A9B6B1E7AA09C00E4661A /* LaunchScreen.storyboard in Resources */ = {isa = PBXBuildFile; fileRef = A61A9B691E7AA09C00E4661A /* LaunchScreen.storyboard */; };
		A61A9B731E7AA1DC00E4661A /* MDDataController.swift in Sources */ = {isa = PBXBuildFile; fileRef = A61A9B721E7AA1DC00E4661A /* MDDataController.swift */; };
/* End PBXBuildFile section */

/* Begin PBXFileReference section */
		A61A9B581E7AA09C00E4661A /* master detail test.app */ = {isa = PBXFileReference; explicitFileType = wrapper.application; includeInIndex = 0; path = "master detail test.app"; sourceTree = BUILT_PRODUCTS_DIR; };
		A61A9B5B1E7AA09C00E4661A /* AppDelegate.swift */ = {isa = PBXFileReference; lastKnownFileType = sourcecode.swift; path = AppDelegate.swift; sourceTree = "<group>"; };
		A61A9B5E1E7AA09C00E4661A /* MDDataModel.xcdatamodel */ = {isa = PBXFileReference; lastKnownFileType = wrapper.xcdatamodel; path = MDDataModel.xcdatamodel; sourceTree = "<group>"; };
		A61A9B601E7AA09C00E4661A /* MasterViewController.swift */ = {isa = PBXFileReference; lastKnownFileType = sourcecode.swift; path = MasterViewController.swift; sourceTree = "<group>"; };
		A61A9B621E7AA09C00E4661A /* DetailViewController.swift */ = {isa = PBXFileReference; lastKnownFileType = sourcecode.swift; path = DetailViewController.swift; sourceTree = "<group>"; };
		A61A9B651E7AA09C00E4661A /* Base */ = {isa = PBXFileReference; lastKnownFileType = file.storyboard; name = Base; path = Base.lproj/Main.storyboard; sourceTree = "<group>"; };
		A61A9B671E7AA09C00E4661A /* Assets.xcassets */ = {isa = PBXFileReference; lastKnownFileType = folder.assetcatalog; path = Assets.xcassets; sourceTree = "<group>"; };
		A61A9B6A1E7AA09C00E4661A /* Base */ = {isa = PBXFileReference; lastKnownFileType = file.storyboard; name = Base; path = Base.lproj/LaunchScreen.storyboard; sourceTree = "<group>"; };
		A61A9B6C1E7AA09C00E4661A /* Info.plist */ = {isa = PBXFileReference; lastKnownFileType = text.plist.xml; path = Info.plist; sourceTree = "<group>"; };
		A61A9B721E7AA1DC00E4661A /* MDDataController.swift */ = {isa = PBXFileReference; fileEncoding = 4; lastKnownFileType = sourcecode.swift; path = MDDataController.swift; sourceTree = "<group>"; };
/* End PBXFileReference section */

/* Begin PBXFrameworksBuildPhase section */
		A61A9B551E7AA09C00E4661A /* Frameworks */ = {
			isa = PBXFrameworksBuildPhase;
			buildActionMask = 2147483647;
			files = (
			);
			runOnlyForDeploymentPostprocessing = 0;
		};
/* End PBXFrameworksBuildPhase section */

/* Begin PBXGroup section */
		A61A9B4F1E7AA09C00E4661A = {
			isa = PBXGroup;
			children = (
				A61A9B5A1E7AA09C00E4661A /* master detail test */,
				A61A9B591E7AA09C00E4661A /* Products */,
			);
			sourceTree = "<group>";
		};
		A61A9B591E7AA09C00E4661A /* Products */ = {
			isa = PBXGroup;
			children = (
				A61A9B581E7AA09C00E4661A /* master detail test.app */,
			);
			name = Products;
			sourceTree = "<group>";
		};
		A61A9B5A1E7AA09C00E4661A /* master detail test */ = {
			isa = PBXGroup;
			children = (
				A61A9B5B1E7AA09C00E4661A /* AppDelegate.swift */,
				A61A9B601E7AA09C00E4661A /* MasterViewController.swift */,
				A61A9B621E7AA09C00E4661A /* DetailViewController.swift */,
				A61A9B721E7AA1DC00E4661A /* MDDataController.swift */,
				A61A9B641E7AA09C00E4661A /* Main.storyboard */,
				A61A9B671E7AA09C00E4661A /* Assets.xcassets */,
				A61A9B691E7AA09C00E4661A /* LaunchScreen.storyboard */,
				A61A9B6C1E7AA09C00E4661A /* Info.plist */,
				A61A9B5D1E7AA09C00E4661A /* MDDataModel.xcdatamodeld */,
			);
			path = "master detail test";
			sourceTree = "<group>";
		};
/* End PBXGroup section */

/* Begin PBXNativeTarget section */
		A61A9B571E7AA09C00E4661A /* master detail test */ = {
			isa = PBXNativeTarget;
			buildConfigurationList = A61A9B6F1E7AA09C00E4661A /* Build configuration list for PBXNativeTarget "master detail test" */;
			buildPhases = (
				A61A9B541E7AA09C00E4661A /* Sources */,
				A61A9B551E7AA09C00E4661A /* Frameworks */,
				A61A9B561E7AA09C00E4661A /* Resources */,
			);
			buildRules = (
			);
			dependencies = (
			);
			name = "master detail test";
			productName = "master detail test";
			productReference = A61A9B581E7AA09C00E4661A /* master detail test.app */;
			productType = "com.apple.product-type.application";
		};
/* End PBXNativeTarget section */

/* Begin PBXProject section */
		A61A9B501E7AA09C00E4661A /* Project object */ = {
			isa = PBXProject;
			attributes = {
				CLASSPREFIX = MD;
				LastSwiftUpdateCheck = 0820;
				LastUpgradeCheck = 0820;
				ORGANIZATIONNAME = dplatov;
				TargetAttributes = {
					A61A9B571E7AA09C00E4661A = {
						CreatedOnToolsVersion = 8.2.1;
						ProvisioningStyle = Automatic;
					};
				};
			};
			buildConfigurationList = A61A9B531E7AA09C00E4661A /* Build configuration list for PBXProject "master detail test" */;
			compatibilityVersion = "Xcode 3.2";
			developmentRegion = English;
			hasScannedForEncodings = 0;
			knownRegions = (
				en,
				Base,
			);
			mainGroup = A61A9B4F1E7AA09C00E4661A;
			productRefGroup = A61A9B591E7AA09C00E4661A /* Products */;
			projectDirPath = "";
			projectRoot = "";
			targets = (
				A61A9B571E7AA09C00E4661A /* master detail test */,
			);
		};
/* End PBXProject section */

/* Begin PBXResourcesBuildPhase section */
		A61A9B561E7AA09C00E4661A /* Resources */ = {
			isa = PBXResourcesBuildPhase;
			buildActionMask = 2147483647;
			files = (
				A61A9B6B1E7AA09C00E4661A /* LaunchScreen.storyboard in Resources */,
				A61A9B681E7AA09C00E4661A /* Assets.xcassets in Resources */,
				A61A9B661E7AA09C00E4661A /* Main.storyboard in Resources */,
			);
			runOnlyForDeploymentPostprocessing = 0;
		};
/* End PBXResourcesBuildPhase section */

/* Begin PBXSourcesBuildPhase section */
		A61A9B541E7AA09C00E4661A /* Sources */ = {
			isa = PBXSourcesBuildPhase;
			buildActionMask = 2147483647;
			files = (
				A61A9B731E7AA1DC00E4661A /* MDDataController.swift in Sources */,
				A61A9B5F1E7AA09C00E4661A /* MDDataModel.xcdatamodeld in Sources */,
				A61A9B5C1E7AA09C00E4661A /* AppDelegate.swift in Sources */,
				A61A9B611E7AA09C00E4661A /* MasterViewController.swift in Sources */,
				A61A9B631E7AA09C00E4661A /* DetailViewController.swift in Sources */,
			);
			runOnlyForDeploymentPostprocessing = 0;
		};
/* End PBXSourcesBuildPhase section */

/* Begin PBXVariantGroup section */
		A61A9B641E7AA09C00E4661A /* Main.storyboard */ = {
			isa = PBXVariantGroup;
			children = (
				A61A9B651E7AA09C00E4661A /* Base */,
			);
			name = Main.storyboard;
			sourceTree = "<group>";
		};
		A61A9B691E7AA09C00E4661A /* LaunchScreen.storyboard */ = {
			isa = PBXVariantGroup;
			children = (
				A61A9B6A1E7AA09C00E4661A /* Base */,
			);
			name = LaunchScreen.storyboard;
			sourceTree = "<group>";
		};
/* End PBXVariantGroup section */

/* Begin XCBuildConfiguration section */
		A61A9B6D1E7AA09C00E4661A /* Debug */ = {
			isa = XCBuildConfiguration;
			buildSettings = {
				ALWAYS_SEARCH_USER_PATHS = NO;
				CLANG_ANALYZER_NONNULL = YES;
				CLANG_CXX_LANGUAGE_STANDARD = "gnu++0x";
				CLANG_CXX_LIBRARY = "libc++";
				CLANG_ENABLE_MODULES = YES;
				CLANG_ENABLE_OBJC_ARC = YES;
				CLANG_WARN_BOOL_CONVERSION = YES;
				CLANG_WARN_CONSTANT_CONVERSION = YES;
				CLANG_WARN_DIRECT_OBJC_ISA_USAGE = YES_ERROR;
				CLANG_WARN_DOCUMENTATION_COMMENTS = YES;
				CLANG_WARN_EMPTY_BODY = YES;
				CLANG_WARN_ENUM_CONVERSION = YES;
				CLANG_WARN_INFINITE_RECURSION = YES;
				CLANG_WARN_INT_CONVERSION = YES;
				CLANG_WARN_OBJC_ROOT_CLASS = YES_ERROR;
				CLANG_WARN_SUSPICIOUS_MOVE = YES;
				CLANG_WARN_UNREACHABLE_CODE = YES;
				CLANG_WARN__DUPLICATE_METHOD_MATCH = YES;
				"CODE_SIGN_IDENTITY[sdk=iphoneos*]" = "iPhone Developer";
				COPY_PHASE_STRIP = NO;
				DEBUG_INFORMATION_FORMAT = dwarf;
				ENABLE_STRICT_OBJC_MSGSEND = YES;
				ENABLE_TESTABILITY = YES;
				GCC_C_LANGUAGE_STANDARD = gnu99;
				GCC_DYNAMIC_NO_PIC = NO;
				GCC_NO_COMMON_BLOCKS = YES;
				GCC_OPTIMIZATION_LEVEL = 0;
				GCC_PREPROCESSOR_DEFINITIONS = (
					"DEBUG=1",
					"$(inherited)",
				);
				GCC_WARN_64_TO_32_BIT_CONVERSION = YES;
				GCC_WARN_ABOUT_RETURN_TYPE = YES_ERROR;
				GCC_WARN_UNDECLARED_SELECTOR = YES;
				GCC_WARN_UNINITIALIZED_AUTOS = YES_AGGRESSIVE;
				GCC_WARN_UNUSED_FUNCTION = YES;
				GCC_WARN_UNUSED_VARIABLE = YES;
				IPHONEOS_DEPLOYMENT_TARGET = 10.2;
				MTL_ENABLE_DEBUG_INFO = YES;
				ONLY_ACTIVE_ARCH = YES;
				SDKROOT = iphoneos;
				SWIFT_ACTIVE_COMPILATION_CONDITIONS = DEBUG;
				SWIFT_OPTIMIZATION_LEVEL = "-Onone";
			};
			name = Debug;
		};
		A61A9B6E1E7AA09C00E4661A /* Release */ = {
			isa = XCBuildConfiguration;
			buildSettings = {
				ALWAYS_SEARCH_USER_PATHS = NO;
				CLANG_ANALYZER_NONNULL = YES;
				CLANG_CXX_LANGUAGE_STANDARD = "gnu++0x";
				CLANG_CXX_LIBRARY = "libc++";
				CLANG_ENABLE_MODULES = YES;
				CLANG_ENABLE_OBJC_ARC = YES;
				CLANG_WARN_BOOL_CONVERSION = YES;
				CLANG_WARN_CONSTANT_CONVERSION = YES;
				CLANG_WARN_DIRECT_OBJC_ISA_USAGE = YES_ERROR;
				CLANG_WARN_DOCUMENTATION_COMMENTS = YES;
				CLANG_WARN_EMPTY_BODY = YES;
				CLANG_WARN_ENUM_CONVERSION = YES;
				CLANG_WARN_INFINITE_RECURSION = YES;
				CLANG_WARN_INT_CONVERSION = YES;
				CLANG_WARN_OBJC_ROOT_CLASS = YES_ERROR;
				CLANG_WARN_SUSPICIOUS_MOVE = YES;
				CLANG_WARN_UNREACHABLE_CODE = YES;
				CLANG_WARN__DUPLICATE_METHOD_MATCH = YES;
				"CODE_SIGN_IDENTITY[sdk=iphoneos*]" = "iPhone Developer";
				COPY_PHASE_STRIP = NO;
				DEBUG_INFORMATION_FORMAT = "dwarf-with-dsym";
				ENABLE_NS_ASSERTIONS = NO;
				ENABLE_STRICT_OBJC_MSGSEND = YES;
				GCC_C_LANGUAGE_STANDARD = gnu99;
				GCC_NO_COMMON_BLOCKS = YES;
				GCC_WARN_64_TO_32_BIT_CONVERSION = YES;
				GCC_WARN_ABOUT_RETURN_TYPE = YES_ERROR;
				GCC_WARN_UNDECLARED_SELECTOR = YES;
				GCC_WARN_UNINITIALIZED_AUTOS = YES_AGGRESSIVE;
				GCC_WARN_UNUSED_FUNCTION = YES;
				GCC_WARN_UNUSED_VARIABLE = YES;
				IPHONEOS_DEPLOYMENT_TARGET = 10.2;
				MTL_ENABLE_DEBUG_INFO = NO;
				SDKROOT = iphoneos;
				SWIFT_OPTIMIZATION_LEVEL = "-Owholemodule";
				VALIDATE_PRODUCT = YES;
			};
			name = Release;
		};
		A61A9B701E7AA09C00E4661A /* Debug */ = {
			isa = XCBuildConfiguration;
			buildSettings = {
				ASSETCATALOG_COMPILER_APPICON_NAME = AppIcon;
				INFOPLIST_FILE = "master detail test/Info.plist";
				IPHONEOS_DEPLOYMENT_TARGET = 9;
				LD_RUNPATH_SEARCH_PATHS = "$(inherited) @executable_path/Frameworks";
				PRODUCT_BUNDLE_IDENTIFIER = "com.dmytroplatov.master-detail-test";
				PRODUCT_NAME = "$(TARGET_NAME)";
				SWIFT_VERSION = 3.0;
			};
			name = Debug;
		};
		A61A9B711E7AA09C00E4661A /* Release */ = {
			isa = XCBuildConfiguration;
			buildSettings = {
				ASSETCATALOG_COMPILER_APPICON_NAME = AppIcon;
				INFOPLIST_FILE = "master detail test/Info.plist";
				IPHONEOS_DEPLOYMENT_TARGET = 9;
				LD_RUNPATH_SEARCH_PATHS = "$(inherited) @executable_path/Frameworks";
				PRODUCT_BUNDLE_IDENTIFIER = "com.dmytroplatov.master-detail-test";
				PRODUCT_NAME = "$(TARGET_NAME)";
				SWIFT_VERSION = 3.0;
			};
			name = Release;
		};
/* End XCBuildConfiguration section */

/* Begin XCConfigurationList section */
		A61A9B531E7AA09C00E4661A /* Build configuration list for PBXProject "master detail test" */ = {
			isa = XCConfigurationList;
			buildConfigurations = (
				A61A9B6D1E7AA09C00E4661A /* Debug */,
				A61A9B6E1E7AA09C00E4661A /* Release */,
			);
			defaultConfigurationIsVisible = 0;
			defaultConfigurationName = Release;
		};
		A61A9B6F1E7AA09C00E4661A /* Build configuration list for PBXNativeTarget "master detail test" */ = {
			isa = XCConfigurationList;
			buildConfigurations = (
				A61A9B701E7AA09C00E4661A /* Debug */,
				A61A9B711E7AA09C00E4661A /* Release */,
			);
			defaultConfigurationIsVisible = 0;
			defaultConfigurationName = Release;
		};
/* End XCConfigurationList section */

/* Begin XCVersionGroup section */
		A61A9B5D1E7AA09C00E4661A /* MDDataModel.xcdatamodeld */ = {
			isa = XCVersionGroup;
			children = (
				A61A9B5E1E7AA09C00E4661A /* MDDataModel.xcdatamodel */,
			);
			currentVersion = A61A9B5E1E7AA09C00E4661A /* MDDataModel.xcdatamodel */;
			path = MDDataModel.xcdatamodeld;
			sourceTree = "<group>";
			versionGroupType = wrapper.xcdatamodel;
		};
/* End XCVersionGroup section */
	};
	rootObject = A61A9B501E7AA09C00E4661A /* Project object */;
}
